// !$*UTF8*$!
{
	archiveVersion = 1;
	classes = {
	};
	objectVersion = 46;
	objects = {

/* Begin PBXBuildFile section */
		69C9C06F17DAFB930020DCD6 /* FGSight.m in Sources */ = {isa = PBXBuildFile; fileRef = 69C9C06E17DAFB930020DCD6 /* FGSight.m */; };
		CC2736D017DA85C900856684 /* Foundation.framework in Frameworks */ = {isa = PBXBuildFile; fileRef = CC2736CF17DA85C900856684 /* Foundation.framework */; };
		CC2736D217DA85C900856684 /* CoreGraphics.framework in Frameworks */ = {isa = PBXBuildFile; fileRef = CC2736D117DA85C900856684 /* CoreGraphics.framework */; };
		CC2736D417DA85C900856684 /* UIKit.framework in Frameworks */ = {isa = PBXBuildFile; fileRef = CC2736D317DA85C900856684 /* UIKit.framework */; };
		CC2736DA17DA85C900856684 /* InfoPlist.strings in Resources */ = {isa = PBXBuildFile; fileRef = CC2736D817DA85C900856684 /* InfoPlist.strings */; };
		CC2736DC17DA85C900856684 /* main.m in Sources */ = {isa = PBXBuildFile; fileRef = CC2736DB17DA85C900856684 /* main.m */; };
		CC2736E017DA85C900856684 /* FGAppDelegate.m in Sources */ = {isa = PBXBuildFile; fileRef = CC2736DF17DA85C900856684 /* FGAppDelegate.m */; };
		CC2736E317DA85C900856684 /* Main.storyboard in Resources */ = {isa = PBXBuildFile; fileRef = CC2736E117DA85C900856684 /* Main.storyboard */; };
		CC2736E617DA85C900856684 /* FGViewController.m in Sources */ = {isa = PBXBuildFile; fileRef = CC2736E517DA85C900856684 /* FGViewController.m */; };
		CC2736E817DA85C900856684 /* Images.xcassets in Resources */ = {isa = PBXBuildFile; fileRef = CC2736E717DA85C900856684 /* Images.xcassets */; };
		CC2E7C0017DAFF8000E34A0F /* CoreLocation.framework in Frameworks */ = {isa = PBXBuildFile; fileRef = CC2E7BFF17DAFF8000E34A0F /* CoreLocation.framework */; };
		CCBC781217DA89F900D9C19A /* MapKit.framework in Frameworks */ = {isa = PBXBuildFile; fileRef = CCBC781117DA89F900D9C19A /* MapKit.framework */; };
		CCBC781517DA933700D9C19A /* FGStuffCalculator.m in Sources */ = {isa = PBXBuildFile; fileRef = CCBC781417DA933700D9C19A /* FGStuffCalculator.m */; };
		CCBC781D17DAFAFB00D9C19A /* Icon-ios7.png in Resources */ = {isa = PBXBuildFile; fileRef = CCBC781917DAFAFB00D9C19A /* Icon-ios7.png */; };
		CCBC781E17DAFAFB00D9C19A /* Icon.png in Resources */ = {isa = PBXBuildFile; fileRef = CCBC781A17DAFAFB00D9C19A /* Icon.png */; };
		CCBC781F17DAFAFB00D9C19A /* Icon@2x.png in Resources */ = {isa = PBXBuildFile; fileRef = CCBC781B17DAFAFB00D9C19A /* Icon@2x.png */; };
		CCBC782017DAFAFB00D9C19A /* Icon~itunes.png in Resources */ = {isa = PBXBuildFile; fileRef = CCBC781C17DAFAFB00D9C19A /* Icon~itunes.png */; };
		CCBC782217DAFD1600D9C19A /* logo.png in Resources */ = {isa = PBXBuildFile; fileRef = CCBC782117DAFD1600D9C19A /* logo.png */; };
		CCBC782617DAFE2400D9C19A /* splash.png in Resources */ = {isa = PBXBuildFile; fileRef = CCBC782317DAFE2400D9C19A /* splash.png */; };
		CCBC782717DAFE2400D9C19A /* splash@2x.png in Resources */ = {isa = PBXBuildFile; fileRef = CCBC782417DAFE2400D9C19A /* splash@2x.png */; };
		CCBC782817DAFE2400D9C19A /* splash~5.png in Resources */ = {isa = PBXBuildFile; fileRef = CCBC782517DAFE2400D9C19A /* splash~5.png */; };
/* End PBXBuildFile section */

/* Begin PBXFileReference section */
		69C9C06D17DAFB930020DCD6 /* FGSight.h */ = {isa = PBXFileReference; fileEncoding = 4; lastKnownFileType = sourcecode.c.h; path = FGSight.h; sourceTree = "<group>"; };
		69C9C06E17DAFB930020DCD6 /* FGSight.m */ = {isa = PBXFileReference; fileEncoding = 4; lastKnownFileType = sourcecode.c.objc; path = FGSight.m; sourceTree = "<group>"; };
		CC2736CC17DA85C900856684 /* TourGuide.app */ = {isa = PBXFileReference; explicitFileType = wrapper.application; includeInIndex = 0; path = TourGuide.app; sourceTree = BUILT_PRODUCTS_DIR; };
		CC2736CF17DA85C900856684 /* Foundation.framework */ = {isa = PBXFileReference; lastKnownFileType = wrapper.framework; name = Foundation.framework; path = System/Library/Frameworks/Foundation.framework; sourceTree = SDKROOT; };
		CC2736D117DA85C900856684 /* CoreGraphics.framework */ = {isa = PBXFileReference; lastKnownFileType = wrapper.framework; name = CoreGraphics.framework; path = System/Library/Frameworks/CoreGraphics.framework; sourceTree = SDKROOT; };
		CC2736D317DA85C900856684 /* UIKit.framework */ = {isa = PBXFileReference; lastKnownFileType = wrapper.framework; name = UIKit.framework; path = System/Library/Frameworks/UIKit.framework; sourceTree = SDKROOT; };
		CC2736D717DA85C900856684 /* TourGuide-Info.plist */ = {isa = PBXFileReference; lastKnownFileType = text.plist.xml; path = "TourGuide-Info.plist"; sourceTree = "<group>"; };
		CC2736D917DA85C900856684 /* en */ = {isa = PBXFileReference; lastKnownFileType = text.plist.strings; name = en; path = en.lproj/InfoPlist.strings; sourceTree = "<group>"; };
		CC2736DB17DA85C900856684 /* main.m */ = {isa = PBXFileReference; lastKnownFileType = sourcecode.c.objc; path = main.m; sourceTree = "<group>"; };
		CC2736DD17DA85C900856684 /* TourGuide-Prefix.pch */ = {isa = PBXFileReference; lastKnownFileType = sourcecode.c.h; path = "TourGuide-Prefix.pch"; sourceTree = "<group>"; };
		CC2736DE17DA85C900856684 /* FGAppDelegate.h */ = {isa = PBXFileReference; lastKnownFileType = sourcecode.c.h; path = FGAppDelegate.h; sourceTree = "<group>"; };
		CC2736DF17DA85C900856684 /* FGAppDelegate.m */ = {isa = PBXFileReference; lastKnownFileType = sourcecode.c.objc; path = FGAppDelegate.m; sourceTree = "<group>"; };
		CC2736E217DA85C900856684 /* Base */ = {isa = PBXFileReference; lastKnownFileType = file.storyboard; name = Base; path = Base.lproj/Main.storyboard; sourceTree = "<group>"; };
		CC2736E417DA85C900856684 /* FGViewController.h */ = {isa = PBXFileReference; lastKnownFileType = sourcecode.c.h; path = FGViewController.h; sourceTree = "<group>"; };
		CC2736E517DA85C900856684 /* FGViewController.m */ = {isa = PBXFileReference; lastKnownFileType = sourcecode.c.objc; path = FGViewController.m; sourceTree = "<group>"; };
		CC2736E717DA85C900856684 /* Images.xcassets */ = {isa = PBXFileReference; lastKnownFileType = folder.assetcatalog; path = Images.xcassets; sourceTree = "<group>"; };
		CC2736EE17DA85C900856684 /* XCTest.framework */ = {isa = PBXFileReference; lastKnownFileType = wrapper.framework; name = XCTest.framework; path = Library/Frameworks/XCTest.framework; sourceTree = DEVELOPER_DIR; };
		CC2E7BFF17DAFF8000E34A0F /* CoreLocation.framework */ = {isa = PBXFileReference; lastKnownFileType = wrapper.framework; name = CoreLocation.framework; path = System/Library/Frameworks/CoreLocation.framework; sourceTree = SDKROOT; };
		CCBC781117DA89F900D9C19A /* MapKit.framework */ = {isa = PBXFileReference; lastKnownFileType = wrapper.framework; name = MapKit.framework; path = System/Library/Frameworks/MapKit.framework; sourceTree = SDKROOT; };
		CCBC781317DA933700D9C19A /* FGStuffCalculator.h */ = {isa = PBXFileReference; fileEncoding = 4; lastKnownFileType = sourcecode.c.h; path = FGStuffCalculator.h; sourceTree = "<group>"; };
		CCBC781417DA933700D9C19A /* FGStuffCalculator.m */ = {isa = PBXFileReference; fileEncoding = 4; lastKnownFileType = sourcecode.c.objc; path = FGStuffCalculator.m; sourceTree = "<group>"; };
		CCBC781917DAFAFB00D9C19A /* Icon-ios7.png */ = {isa = PBXFileReference; lastKnownFileType = image.png; path = "Icon-ios7.png"; sourceTree = "<group>"; };
		CCBC781A17DAFAFB00D9C19A /* Icon.png */ = {isa = PBXFileReference; lastKnownFileType = image.png; path = Icon.png; sourceTree = "<group>"; };
		CCBC781B17DAFAFB00D9C19A /* Icon@2x.png */ = {isa = PBXFileReference; lastKnownFileType = image.png; path = "Icon@2x.png"; sourceTree = "<group>"; };
		CCBC781C17DAFAFB00D9C19A /* Icon~itunes.png */ = {isa = PBXFileReference; lastKnownFileType = image.png; path = "Icon~itunes.png"; sourceTree = "<group>"; };
		CCBC782117DAFD1600D9C19A /* logo.png */ = {isa = PBXFileReference; lastKnownFileType = image.png; path = logo.png; sourceTree = "<group>"; };
		CCBC782317DAFE2400D9C19A /* splash.png */ = {isa = PBXFileReference; lastKnownFileType = image.png; path = splash.png; sourceTree = "<group>"; };
		CCBC782417DAFE2400D9C19A /* splash@2x.png */ = {isa = PBXFileReference; lastKnownFileType = image.png; path = "splash@2x.png"; sourceTree = "<group>"; };
		CCBC782517DAFE2400D9C19A /* splash~5.png */ = {isa = PBXFileReference; lastKnownFileType = image.png; path = "splash~5.png"; sourceTree = "<group>"; };
/* End PBXFileReference section */

/* Begin PBXFrameworksBuildPhase section */
		CC2736C917DA85C900856684 /* Frameworks */ = {
			isa = PBXFrameworksBuildPhase;
			buildActionMask = 2147483647;
			files = (
				CC2E7C0017DAFF8000E34A0F /* CoreLocation.framework in Frameworks */,
				CCBC781217DA89F900D9C19A /* MapKit.framework in Frameworks */,
				CC2736D217DA85C900856684 /* CoreGraphics.framework in Frameworks */,
				CC2736D417DA85C900856684 /* UIKit.framework in Frameworks */,
				CC2736D017DA85C900856684 /* Foundation.framework in Frameworks */,
			);
			runOnlyForDeploymentPostprocessing = 0;
		};
/* End PBXFrameworksBuildPhase section */

/* Begin PBXGroup section */
		CC2736C317DA85C900856684 = {
			isa = PBXGroup;
			children = (
				CC2736D517DA85C900856684 /* TourGuide */,
				CC2736CE17DA85C900856684 /* Frameworks */,
				CC2736CD17DA85C900856684 /* Products */,
			);
			sourceTree = "<group>";
		};
		CC2736CD17DA85C900856684 /* Products */ = {
			isa = PBXGroup;
			children = (
				CC2736CC17DA85C900856684 /* TourGuide.app */,
			);
			name = Products;
			sourceTree = "<group>";
		};
		CC2736CE17DA85C900856684 /* Frameworks */ = {
			isa = PBXGroup;
			children = (
				CC2E7BFF17DAFF8000E34A0F /* CoreLocation.framework */,
				CCBC781117DA89F900D9C19A /* MapKit.framework */,
				CC2736CF17DA85C900856684 /* Foundation.framework */,
				CC2736D117DA85C900856684 /* CoreGraphics.framework */,
				CC2736D317DA85C900856684 /* UIKit.framework */,
				CC2736EE17DA85C900856684 /* XCTest.framework */,
			);
			name = Frameworks;
			sourceTree = "<group>";
		};
		CC2736D517DA85C900856684 /* TourGuide */ = {
			isa = PBXGroup;
			children = (
				CCBC781817DAFAE600D9C19A /* Icons */,
				CC2736DE17DA85C900856684 /* FGAppDelegate.h */,
				CC2736DF17DA85C900856684 /* FGAppDelegate.m */,
				CC2736E117DA85C900856684 /* Main.storyboard */,
				CC2736E417DA85C900856684 /* FGViewController.h */,
				CC2736E517DA85C900856684 /* FGViewController.m */,
				CCBC781317DA933700D9C19A /* FGStuffCalculator.h */,
				CCBC781417DA933700D9C19A /* FGStuffCalculator.m */,
				69C9C06D17DAFB930020DCD6 /* FGSight.h */,
				69C9C06E17DAFB930020DCD6 /* FGSight.m */,
				CC2736E717DA85C900856684 /* Images.xcassets */,
				CC2736D617DA85C900856684 /* Supporting Files */,
			);
			path = TourGuide;
			sourceTree = "<group>";
		};
		CC2736D617DA85C900856684 /* Supporting Files */ = {
			isa = PBXGroup;
			children = (
				CC2736D717DA85C900856684 /* TourGuide-Info.plist */,
				CC2736D817DA85C900856684 /* InfoPlist.strings */,
				CC2736DB17DA85C900856684 /* main.m */,
				CC2736DD17DA85C900856684 /* TourGuide-Prefix.pch */,
			);
			name = "Supporting Files";
			sourceTree = "<group>";
		};
		CCBC781817DAFAE600D9C19A /* Icons */ = {
			isa = PBXGroup;
			children = (
				CCBC782317DAFE2400D9C19A /* splash.png */,
				CCBC782417DAFE2400D9C19A /* splash@2x.png */,
				CCBC782517DAFE2400D9C19A /* splash~5.png */,
				CCBC782117DAFD1600D9C19A /* logo.png */,
				CCBC781917DAFAFB00D9C19A /* Icon-ios7.png */,
				CCBC781A17DAFAFB00D9C19A /* Icon.png */,
				CCBC781B17DAFAFB00D9C19A /* Icon@2x.png */,
				CCBC781C17DAFAFB00D9C19A /* Icon~itunes.png */,
			);
			name = Icons;
			sourceTree = "<group>";
		};
/* End PBXGroup section */

/* Begin PBXNativeTarget section */
		CC2736CB17DA85C900856684 /* TourGuide */ = {
			isa = PBXNativeTarget;
			buildConfigurationList = CC2736FE17DA85C900856684 /* Build configuration list for PBXNativeTarget "TourGuide" */;
			buildPhases = (
				CC2736C817DA85C900856684 /* Sources */,
				CC2736C917DA85C900856684 /* Frameworks */,
				CC2736CA17DA85C900856684 /* Resources */,
			);
			buildRules = (
			);
			dependencies = (
			);
			name = TourGuide;
			productName = TourGuide;
			productReference = CC2736CC17DA85C900856684 /* TourGuide.app */;
			productType = "com.apple.product-type.application";
		};
/* End PBXNativeTarget section */

/* Begin PBXProject section */
		CC2736C417DA85C900856684 /* Project object */ = {
			isa = PBXProject;
			attributes = {
				CLASSPREFIX = FG;
				LastUpgradeCheck = 0500;
				ORGANIZATIONNAME = "Finn Gaida";
				TargetAttributes = {
					CC2736CB17DA85C900856684 = {
						DevelopmentTeam = 9E6HU54Z4R;
					};
				};
			};
			buildConfigurationList = CC2736C717DA85C900856684 /* Build configuration list for PBXProject "TourGuide" */;
			compatibilityVersion = "Xcode 3.2";
			developmentRegion = English;
			hasScannedForEncodings = 0;
			knownRegions = (
				en,
				Base,
			);
			mainGroup = CC2736C317DA85C900856684;
			productRefGroup = CC2736CD17DA85C900856684 /* Products */;
			projectDirPath = "";
			projectRoot = "";
			targets = (
				CC2736CB17DA85C900856684 /* TourGuide */,
			);
		};
/* End PBXProject section */

/* Begin PBXResourcesBuildPhase section */
		CC2736CA17DA85C900856684 /* Resources */ = {
			isa = PBXResourcesBuildPhase;
			buildActionMask = 2147483647;
			files = (
				CCBC781D17DAFAFB00D9C19A /* Icon-ios7.png in Resources */,
				CCBC782017DAFAFB00D9C19A /* Icon~itunes.png in Resources */,
				CCBC781F17DAFAFB00D9C19A /* Icon@2x.png in Resources */,
				CC2736E817DA85C900856684 /* Images.xcassets in Resources */,
				CCBC782217DAFD1600D9C19A /* logo.png in Resources */,
				CCBC782717DAFE2400D9C19A /* splash@2x.png in Resources */,
				CCBC781E17DAFAFB00D9C19A /* Icon.png in Resources */,
				CCBC782817DAFE2400D9C19A /* splash~5.png in Resources */,
				CC2736DA17DA85C900856684 /* InfoPlist.strings in Resources */,
				CCBC782617DAFE2400D9C19A /* splash.png in Resources */,
				CC2736E317DA85C900856684 /* Main.storyboard in Resources */,
			);
			runOnlyForDeploymentPostprocessing = 0;
		};
/* End PBXResourcesBuildPhase section */

/* Begin PBXSourcesBuildPhase section */
		CC2736C817DA85C900856684 /* Sources */ = {
			isa = PBXSourcesBuildPhase;
			buildActionMask = 2147483647;
			files = (
				CC2736DC17DA85C900856684 /* main.m in Sources */,
				CCBC781517DA933700D9C19A /* FGStuffCalculator.m in Sources */,
				69C9C06F17DAFB930020DCD6 /* FGSight.m in Sources */,
				CC2736E017DA85C900856684 /* FGAppDelegate.m in Sources */,
				CC2736E617DA85C900856684 /* FGViewController.m in Sources */,
			);
			runOnlyForDeploymentPostprocessing = 0;
		};
/* End PBXSourcesBuildPhase section */

/* Begin PBXVariantGroup section */
		CC2736D817DA85C900856684 /* InfoPlist.strings */ = {
			isa = PBXVariantGroup;
			children = (
				CC2736D917DA85C900856684 /* en */,
			);
			name = InfoPlist.strings;
			sourceTree = "<group>";
		};
		CC2736E117DA85C900856684 /* Main.storyboard */ = {
			isa = PBXVariantGroup;
			children = (
				CC2736E217DA85C900856684 /* Base */,
			);
			name = Main.storyboard;
			sourceTree = "<group>";
		};
/* End PBXVariantGroup section */

/* Begin XCBuildConfiguration section */
		CC2736FC17DA85C900856684 /* Debug */ = {
			isa = XCBuildConfiguration;
			buildSettings = {
				ALWAYS_SEARCH_USER_PATHS = NO;
				CLANG_CXX_LANGUAGE_STANDARD = "gnu++0x";
				CLANG_CXX_LIBRARY = "libc++";
				CLANG_ENABLE_MODULES = YES;
				CLANG_ENABLE_OBJC_ARC = YES;
				CLANG_WARN_BOOL_CONVERSION = YES;
				CLANG_WARN_CONSTANT_CONVERSION = YES;
				CLANG_WARN_DIRECT_OBJC_ISA_USAGE = YES_ERROR;
				CLANG_WARN_EMPTY_BODY = YES;
				CLANG_WARN_ENUM_CONVERSION = YES;
				CLANG_WARN_INT_CONVERSION = YES;
				CLANG_WARN_OBJC_ROOT_CLASS = YES_ERROR;
				CLANG_WARN__DUPLICATE_METHOD_MATCH = YES;
				CODE_SIGN_IDENTITY = "";
				"CODE_SIGN_IDENTITY[sdk=iphoneos*]" = "";
				COPY_PHASE_STRIP = NO;
				GCC_C_LANGUAGE_STANDARD = gnu99;
				GCC_DYNAMIC_NO_PIC = NO;
				GCC_OPTIMIZATION_LEVEL = 0;
				GCC_PREPROCESSOR_DEFINITIONS = (
					"DEBUG=1",
					"$(inherited)",
				);
				GCC_SYMBOLS_PRIVATE_EXTERN = NO;
				GCC_WARN_ABOUT_RETURN_TYPE = YES_ERROR;
				GCC_WARN_UNDECLARED_SELECTOR = YES;
				GCC_WARN_UNINITIALIZED_AUTOS = YES;
				GCC_WARN_UNUSED_FUNCTION = YES;
				GCC_WARN_UNUSED_VARIABLE = YES;
				IPHONEOS_DEPLOYMENT_TARGET = 6.0;
				ONLY_ACTIVE_ARCH = YES;
				PROVISIONING_PROFILE = "EB1C8C12-1B2B-48FB-A241-E207BFAD4B98";
				SDKROOT = iphoneos;
			};
			name = Debug;
		};
		CC2736FD17DA85C900856684 /* Release */ = {
			isa = XCBuildConfiguration;
			buildSettings = {
				ALWAYS_SEARCH_USER_PATHS = NO;
				CLANG_CXX_LANGUAGE_STANDARD = "gnu++0x";
				CLANG_CXX_LIBRARY = "libc++";
				CLANG_ENABLE_MODULES = YES;
				CLANG_ENABLE_OBJC_ARC = YES;
				CLANG_WARN_BOOL_CONVERSION = YES;
				CLANG_WARN_CONSTANT_CONVERSION = YES;
				CLANG_WARN_DIRECT_OBJC_ISA_USAGE = YES_ERROR;
				CLANG_WARN_EMPTY_BODY = YES;
				CLANG_WARN_ENUM_CONVERSION = YES;
				CLANG_WARN_INT_CONVERSION = YES;
				CLANG_WARN_OBJC_ROOT_CLASS = YES_ERROR;
				CLANG_WARN__DUPLICATE_METHOD_MATCH = YES;
				CODE_SIGN_IDENTITY = "";
				"CODE_SIGN_IDENTITY[sdk=iphoneos*]" = "";
				COPY_PHASE_STRIP = YES;
				ENABLE_NS_ASSERTIONS = NO;
				GCC_C_LANGUAGE_STANDARD = gnu99;
				GCC_WARN_ABOUT_RETURN_TYPE = YES_ERROR;
				GCC_WARN_UNDECLARED_SELECTOR = YES;
				GCC_WARN_UNINITIALIZED_AUTOS = YES;
				GCC_WARN_UNUSED_FUNCTION = YES;
				GCC_WARN_UNUSED_VARIABLE = YES;
				IPHONEOS_DEPLOYMENT_TARGET = 6.0;
				PROVISIONING_PROFILE = "EB1C8C12-1B2B-48FB-A241-E207BFAD4B98";
				SDKROOT = iphoneos;
				VALIDATE_PRODUCT = YES;
			};
			name = Release;
		};
		CC2736FF17DA85C900856684 /* Debug */ = {
			isa = XCBuildConfiguration;
			buildSettings = {
				ASSETCATALOG_COMPILER_APPICON_NAME = AppIcon;
				ASSETCATALOG_COMPILER_LAUNCHIMAGE_NAME = LaunchImage;
				CODE_SIGN_IDENTITY = "";
				GCC_PRECOMPILE_PREFIX_HEADER = YES;
				GCC_PREFIX_HEADER = "TourGuide/TourGuide-Prefix.pch";
				INFOPLIST_FILE = "TourGuide/TourGuide-Info.plist";
				PRODUCT_NAME = "$(TARGET_NAME)";
				PROVISIONING_PROFILE = "EB1C8C12-1B2B-48FB-A241-E207BFAD4B98";
				WRAPPER_EXTENSION = app;
			};
			name = Debug;
		};
		CC27370017DA85C900856684 /* Release */ = {
			isa = XCBuildConfiguration;
			buildSettings = {
				ASSETCATALOG_COMPILER_APPICON_NAME = AppIcon;
				ASSETCATALOG_COMPILER_LAUNCHIMAGE_NAME = LaunchImage;
				CODE_SIGN_IDENTITY = "";
				GCC_PRECOMPILE_PREFIX_HEADER = YES;
				GCC_PREFIX_HEADER = "TourGuide/TourGuide-Prefix.pch";
				INFOPLIST_FILE = "TourGuide/TourGuide-Info.plist";
				PRODUCT_NAME = "$(TARGET_NAME)";
				PROVISIONING_PROFILE = "EB1C8C12-1B2B-48FB-A241-E207BFAD4B98";
				WRAPPER_EXTENSION = app;
			};
			name = Release;
		};
/* End XCBuildConfiguration section */

/* Begin XCConfigurationList section */
		CC2736C717DA85C900856684 /* Build configuration list for PBXProject "TourGuide" */ = {
			isa = XCConfigurationList;
			buildConfigurations = (
				CC2736FC17DA85C900856684 /* Debug */,
				CC2736FD17DA85C900856684 /* Release */,
			);
			defaultConfigurationIsVisible = 0;
			defaultConfigurationName = Release;
		};
		CC2736FE17DA85C900856684 /* Build configuration list for PBXNativeTarget "TourGuide" */ = {
			isa = XCConfigurationList;
			buildConfigurations = (
				CC2736FF17DA85C900856684 /* Debug */,
				CC27370017DA85C900856684 /* Release */,
			);
			defaultConfigurationIsVisible = 0;
			defaultConfigurationName = Release;
		};
/* End XCConfigurationList section */
	};
	rootObject = CC2736C417DA85C900856684 /* Project object */;
}
